{
  "requires": true,
  "lockfileVersion": 1,
  "dependencies": {
    "angular-bootstrap-md": {
      "version": "6.2.2",
      "resolved": "https://registry.npmjs.org/angular-bootstrap-md/-/angular-bootstrap-md-6.2.2.tgz",
      "integrity": "sha512-1tUa7Fe4ZIDW/ash7G0w17gR6+4VeTAn72uJjwjUMwFmXXOIGZYxgRX/GgQnmJ3DokZn74mLjz8XQhoPWIMyyQ=="
    }
  }
}
